PODS:
  - Capacitor (3.9.0):
    - CapacitorCordova
  - CapacitorCordova (3.9.0)

DEPENDENCIES:
  - "Capacitor (from `../node_modules/@capacitor/ios`)"
  - "CapacitorCordova (from `../node_modules/@capacitor/ios`)"

EXTERNAL SOURCES:
  Capacitor:
    :path: "../node_modules/@capacitor/ios"
  CapacitorCordova:
    :path: "../node_modules/@capacitor/ios"

SPEC CHECKSUMS:
  Capacitor: 706895818151b183fd1ef099465e47ad33e9239f
  CapacitorCordova: 3c768ee86bbedd4b99b68551a78ed24128bacb40

PODFILE CHECKSUM: fe3d3cdd720a825b6385c4732a8fb952218a1c61

COCOAPODS: 1.14.3
